
Microsoft Visual Studio Solution File, Format Version 12.00
# Visual Studio 15
VisualStudioVersion = 15.0.28307.438
MinimumVisualStudioVersion = 10.0.40219.1
Project("{FAE04EC0-301F-11D3-BF4B-00C04F79EFBC}") = "AdoGiris", "AdoGiris\AdoGiris.csproj", "{A608E66E-EBB4-45E0-BAB9-F7DCAEC75F19}"
EndProject
Global
	GlobalSection(SolutionConfigurationPlatforms) = preSolution
		Debug|Any CPU = Debug|Any CPU
		Release|Any CPU = Release|Any CPU
	EndGlobalSection
	GlobalSection(ProjectConfigurationPlatforms) = postSolution
		{A608E66E-EBB4-45E0-BAB9-F7DCAEC75F19}.Debug|Any CPU.ActiveCfg = Debug|Any CPU
		{A608E66E-EBB4-45E0-BAB9-F7DCAEC75F19}.Debug|Any CPU.Build.0 = Debug|Any CPU
		{A608E66E-EBB4-45E0-BAB9-F7DCAEC75F19}.Release|Any CPU.ActiveCfg = Release|Any CPU
		{A608E66E-EBB4-45E0-BAB9-F7DCAEC75F19}.Release|Any CPU.Build.0 = Release|Any CPU
	EndGlobalSection
	GlobalSection(SolutionProperties) = preSolution
		HideSolutionNode = FALSE
	EndGlobalSection
	GlobalSection(ExtensibilityGlobals) = postSolution
		SolutionGuid = {FB4D1B2E-6C36-4337-A588-3FF4D7F93988}
	EndGlobalSection
EndGlobal
